
Microsoft Visual Studio Solution File, Format Version 12.00
# Visual Studio Version 16
VisualStudioVersion = 16.0.29728.190
MinimumVisualStudioVersion = 10.0.40219.1
Project("{FAE04EC0-301F-11D3-BF4B-00C04F79EFBC}") = "cart", "cart\cart.csproj", "{F1FFD7AB-9AA7-4506-AD6B-4B0756B1F3DB}"
EndProject
Global
	GlobalSection(SolutionConfigurationPlatforms) = preSolution
		Debug|Any CPU = Debug|Any CPU
		Release|Any CPU = Release|Any CPU
	EndGlobalSection
	GlobalSection(ProjectConfigurationPlatforms) = postSolution
		{F1FFD7AB-9AA7-4506-AD6B-4B0756B1F3DB}.Debug|Any CPU.ActiveCfg = Debug|Any CPU
		{F1FFD7AB-9AA7-4506-AD6B-4B0756B1F3DB}.Debug|Any CPU.Build.0 = Debug|Any CPU
		{F1FFD7AB-9AA7-4506-AD6B-4B0756B1F3DB}.Release|Any CPU.ActiveCfg = Release|Any CPU
		{F1FFD7AB-9AA7-4506-AD6B-4B0756B1F3DB}.Release|Any CPU.Build.0 = Release|Any CPU
	EndGlobalSection
	GlobalSection(SolutionProperties) = preSolution
		HideSolutionNode = FALSE
	EndGlobalSection
	GlobalSection(ExtensibilityGlobals) = postSolution
		SolutionGuid = {35FC4C6E-E601-46C8-8306-DFFE92022E14}
	EndGlobalSection
EndGlobal
